
Microsoft Visual Studio Solution File, Format Version 12.00
# Visual Studio Version 16
VisualStudioVersion = 16.0.30413.136
MinimumVisualStudioVersion = 10.0.40219.1
Project("{FAE04EC0-301F-11D3-BF4B-00C04F79EFBC}") = "ProjectPlutus.API", "ProjectPlutus.API\ProjectPlutus.API.csproj", "{AFEDA7F8-D3F0-40BF-B876-BA0748568F34}"
EndProject
Project("{FAE04EC0-301F-11D3-BF4B-00C04F79EFBC}") = "ProjectPlutus.Extensions", "ProjectPlutus.Extensions\ProjectPlutus.Extensions.csproj", "{9CB1E290-540A-4044-95C3-F90F9BB21377}"
EndProject
Project("{FAE04EC0-301F-11D3-BF4B-00C04F79EFBC}") = "ProjectPlutus.Data", "ProjectPlutus.Data\ProjectPlutus.Data.csproj", "{876AD770-AEE3-4AD5-B228-40B0698A0FB5}"
EndProject
Project("{FAE04EC0-301F-11D3-BF4B-00C04F79EFBC}") = "ProjectPlutus.Domain", "ProjectPlutus.Domain\ProjectPlutus.Domain.csproj", "{AECCEBDA-5D05-41A0-AB5F-19F92F74D87F}"
EndProject
Project("{FAE04EC0-301F-11D3-BF4B-00C04F79EFBC}") = "ProjectPlutus.Infra", "ProjectPlutus.Infra\ProjectPlutus.Infra.csproj", "{2193D335-EC9D-4A30-8CEF-29D6234D3F64}"
EndProject
Global
	GlobalSection(SolutionConfigurationPlatforms) = preSolution
		Debug|Any CPU = Debug|Any CPU
		Release|Any CPU = Release|Any CPU
	EndGlobalSection
	GlobalSection(ProjectConfigurationPlatforms) = postSolution
		{AFEDA7F8-D3F0-40BF-B876-BA0748568F34}.Debug|Any CPU.ActiveCfg = Debug|Any CPU
		{AFEDA7F8-D3F0-40BF-B876-BA0748568F34}.Debug|Any CPU.Build.0 = Debug|Any CPU
		{AFEDA7F8-D3F0-40BF-B876-BA0748568F34}.Release|Any CPU.ActiveCfg = Release|Any CPU
		{AFEDA7F8-D3F0-40BF-B876-BA0748568F34}.Release|Any CPU.Build.0 = Release|Any CPU
		{9CB1E290-540A-4044-95C3-F90F9BB21377}.Debug|Any CPU.ActiveCfg = Debug|Any CPU
		{9CB1E290-540A-4044-95C3-F90F9BB21377}.Debug|Any CPU.Build.0 = Debug|Any CPU
		{9CB1E290-540A-4044-95C3-F90F9BB21377}.Release|Any CPU.ActiveCfg = Release|Any CPU
		{9CB1E290-540A-4044-95C3-F90F9BB21377}.Release|Any CPU.Build.0 = Release|Any CPU
		{876AD770-AEE3-4AD5-B228-40B0698A0FB5}.Debug|Any CPU.ActiveCfg = Debug|Any CPU
		{876AD770-AEE3-4AD5-B228-40B0698A0FB5}.Debug|Any CPU.Build.0 = Debug|Any CPU
		{876AD770-AEE3-4AD5-B228-40B0698A0FB5}.Release|Any CPU.ActiveCfg = Release|Any CPU
		{876AD770-AEE3-4AD5-B228-40B0698A0FB5}.Release|Any CPU.Build.0 = Release|Any CPU
		{AECCEBDA-5D05-41A0-AB5F-19F92F74D87F}.Debug|Any CPU.ActiveCfg = Debug|Any CPU
		{AECCEBDA-5D05-41A0-AB5F-19F92F74D87F}.Debug|Any CPU.Build.0 = Debug|Any CPU
		{AECCEBDA-5D05-41A0-AB5F-19F92F74D87F}.Release|Any CPU.ActiveCfg = Release|Any CPU
		{AECCEBDA-5D05-41A0-AB5F-19F92F74D87F}.Release|Any CPU.Build.0 = Release|Any CPU
		{2193D335-EC9D-4A30-8CEF-29D6234D3F64}.Debug|Any CPU.ActiveCfg = Debug|Any CPU
		{2193D335-EC9D-4A30-8CEF-29D6234D3F64}.Debug|Any CPU.Build.0 = Debug|Any CPU
		{2193D335-EC9D-4A30-8CEF-29D6234D3F64}.Release|Any CPU.ActiveCfg = Release|Any CPU
		{2193D335-EC9D-4A30-8CEF-29D6234D3F64}.Release|Any CPU.Build.0 = Release|Any CPU
	EndGlobalSection
	GlobalSection(SolutionProperties) = preSolution
		HideSolutionNode = FALSE
	EndGlobalSection
	GlobalSection(ExtensibilityGlobals) = postSolution
		SolutionGuid = {0981D4AD-9365-4251-89B9-2D33AE9B8E5D}
	EndGlobalSection
EndGlobal
